// !$*UTF8*$!
{
	archiveVersion = 1;
	classes = {
	};
	objectVersion = 55;
	objects = {

/* Begin PBXBuildFile section */
		3A2FA8BA28904F960014A272 /* AppDelegate.swift in Sources */ = {isa = PBXBuildFile; fileRef = 3A2FA8B928904F960014A272 /* AppDelegate.swift */; };
		3A2FA8BC28904F960014A272 /* SceneDelegate.swift in Sources */ = {isa = PBXBuildFile; fileRef = 3A2FA8BB28904F960014A272 /* SceneDelegate.swift */; };
		3A2FA8C128904F960014A272 /* Main.storyboard in Resources */ = {isa = PBXBuildFile; fileRef = 3A2FA8BF28904F960014A272 /* Main.storyboard */; };
		3A2FA8C328904F990014A272 /* Assets.xcassets in Resources */ = {isa = PBXBuildFile; fileRef = 3A2FA8C228904F990014A272 /* Assets.xcassets */; };
		3A2FA8C628904F990014A272 /* LaunchScreen.storyboard in Resources */ = {isa = PBXBuildFile; fileRef = 3A2FA8C428904F990014A272 /* LaunchScreen.storyboard */; };
		3A2FA8D3289054090014A272 /* DeathNoteModel.swift in Sources */ = {isa = PBXBuildFile; fileRef = 3A2FA8D2289054090014A272 /* DeathNoteModel.swift */; };
		3A42FC9328913D1F0066E828 /* MainTableViewController.swift in Sources */ = {isa = PBXBuildFile; fileRef = 3A42FC9228913D1F0066E828 /* MainTableViewController.swift */; };
		3A42FC9528914AC70066E828 /* DeathNoteTableViewCell.swift in Sources */ = {isa = PBXBuildFile; fileRef = 3A42FC9428914AC70066E828 /* DeathNoteTableViewCell.swift */; };
		3A42FC9728916D6E0066E828 /* NewNoteViewController.swift in Sources */ = {isa = PBXBuildFile; fileRef = 3A42FC9628916D6E0066E828 /* NewNoteViewController.swift */; };
/* End PBXBuildFile section */

/* Begin PBXFileReference section */
		3A2FA8B628904F960014A272 /* DeathNote.app */ = {isa = PBXFileReference; explicitFileType = wrapper.application; includeInIndex = 0; path = DeathNote.app; sourceTree = BUILT_PRODUCTS_DIR; };
		3A2FA8B928904F960014A272 /* AppDelegate.swift */ = {isa = PBXFileReference; lastKnownFileType = sourcecode.swift; path = AppDelegate.swift; sourceTree = "<group>"; };
		3A2FA8BB28904F960014A272 /* SceneDelegate.swift */ = {isa = PBXFileReference; lastKnownFileType = sourcecode.swift; path = SceneDelegate.swift; sourceTree = "<group>"; };
		3A2FA8C028904F960014A272 /* Base */ = {isa = PBXFileReference; lastKnownFileType = file.storyboard; name = Base; path = Base.lproj/Main.storyboard; sourceTree = "<group>"; };
		3A2FA8C228904F990014A272 /* Assets.xcassets */ = {isa = PBXFileReference; lastKnownFileType = folder.assetcatalog; path = Assets.xcassets; sourceTree = "<group>"; };
		3A2FA8C528904F990014A272 /* Base */ = {isa = PBXFileReference; lastKnownFileType = file.storyboard; name = Base; path = Base.lproj/LaunchScreen.storyboard; sourceTree = "<group>"; };
		3A2FA8C728904F990014A272 /* Info.plist */ = {isa = PBXFileReference; lastKnownFileType = text.plist.xml; path = Info.plist; sourceTree = "<group>"; };
		3A2FA8D2289054090014A272 /* DeathNoteModel.swift */ = {isa = PBXFileReference; lastKnownFileType = sourcecode.swift; path = DeathNoteModel.swift; sourceTree = "<group>"; };
		3A42FC9228913D1F0066E828 /* MainTableViewController.swift */ = {isa = PBXFileReference; lastKnownFileType = sourcecode.swift; path = MainTableViewController.swift; sourceTree = "<group>"; };
		3A42FC9428914AC70066E828 /* DeathNoteTableViewCell.swift */ = {isa = PBXFileReference; lastKnownFileType = sourcecode.swift; path = DeathNoteTableViewCell.swift; sourceTree = "<group>"; };
		3A42FC9628916D6E0066E828 /* NewNoteViewController.swift */ = {isa = PBXFileReference; lastKnownFileType = sourcecode.swift; path = NewNoteViewController.swift; sourceTree = "<group>"; };
/* End PBXFileReference section */

/* Begin PBXFrameworksBuildPhase section */
		3A2FA8B328904F960014A272 /* Frameworks */ = {
			isa = PBXFrameworksBuildPhase;
			buildActionMask = 2147483647;
			files = (
			);
			runOnlyForDeploymentPostprocessing = 0;
		};
/* End PBXFrameworksBuildPhase section */

/* Begin PBXGroup section */
		3A2FA8AD28904F960014A272 = {
			isa = PBXGroup;
			children = (
				3A2FA8B828904F960014A272 /* DeathNote */,
				3A2FA8B728904F960014A272 /* Products */,
			);
			sourceTree = "<group>";
		};
		3A2FA8B728904F960014A272 /* Products */ = {
			isa = PBXGroup;
			children = (
				3A2FA8B628904F960014A272 /* DeathNote.app */,
			);
			name = Products;
			sourceTree = "<group>";
		};
		3A2FA8B828904F960014A272 /* DeathNote */ = {
			isa = PBXGroup;
			children = (
				3A2FA8D1289053DA0014A272 /* Models */,
				3A2FA8CE28904FD00014A272 /* Controllers */,
				3A2FA8CF28904FDC0014A272 /* Storyboards */,
				3A2FA8D0289050280014A272 /* Assets */,
				3A2FA8CD28904FC80014A272 /* App */,
			);
			path = DeathNote;
			sourceTree = "<group>";
		};
		3A2FA8CD28904FC80014A272 /* App */ = {
			isa = PBXGroup;
			children = (
				3A2FA8B928904F960014A272 /* AppDelegate.swift */,
				3A2FA8BB28904F960014A272 /* SceneDelegate.swift */,
				3A2FA8C728904F990014A272 /* Info.plist */,
			);
			path = App;
			sourceTree = "<group>";
		};
		3A2FA8CE28904FD00014A272 /* Controllers */ = {
			isa = PBXGroup;
			children = (
				3A42FC9228913D1F0066E828 /* MainTableViewController.swift */,
				3A42FC9428914AC70066E828 /* DeathNoteTableViewCell.swift */,
				3A42FC9628916D6E0066E828 /* NewNoteViewController.swift */,
			);
			path = Controllers;
			sourceTree = "<group>";
		};
		3A2FA8CF28904FDC0014A272 /* Storyboards */ = {
			isa = PBXGroup;
			children = (
				3A2FA8BF28904F960014A272 /* Main.storyboard */,
				3A2FA8C428904F990014A272 /* LaunchScreen.storyboard */,
			);
			path = Storyboards;
			sourceTree = "<group>";
		};
		3A2FA8D0289050280014A272 /* Assets */ = {
			isa = PBXGroup;
			children = (
				3A2FA8C228904F990014A272 /* Assets.xcassets */,
			);
			path = Assets;
			sourceTree = "<group>";
		};
		3A2FA8D1289053DA0014A272 /* Models */ = {
			isa = PBXGroup;
			children = (
				3A2FA8D2289054090014A272 /* DeathNoteModel.swift */,
			);
			path = Models;
			sourceTree = "<group>";
		};
/* End PBXGroup section */

/* Begin PBXNativeTarget section */
		3A2FA8B528904F960014A272 /* DeathNote */ = {
			isa = PBXNativeTarget;
			buildConfigurationList = 3A2FA8CA28904F990014A272 /* Build configuration list for PBXNativeTarget "DeathNote" */;
			buildPhases = (
				3A2FA8B228904F960014A272 /* Sources */,
				3A2FA8B328904F960014A272 /* Frameworks */,
				3A2FA8B428904F960014A272 /* Resources */,
			);
			buildRules = (
			);
			dependencies = (
			);
			name = DeathNote;
			productName = DeathNote;
			productReference = 3A2FA8B628904F960014A272 /* DeathNote.app */;
			productType = "com.apple.product-type.application";
		};
/* End PBXNativeTarget section */

/* Begin PBXProject section */
		3A2FA8AE28904F960014A272 /* Project object */ = {
			isa = PBXProject;
			attributes = {
				BuildIndependentTargetsInParallel = 1;
				LastSwiftUpdateCheck = 1340;
				LastUpgradeCheck = 1340;
				TargetAttributes = {
					3A2FA8B528904F960014A272 = {
						CreatedOnToolsVersion = 13.4.1;
					};
				};
			};
			buildConfigurationList = 3A2FA8B128904F960014A272 /* Build configuration list for PBXProject "DeathNote" */;
			compatibilityVersion = "Xcode 13.0";
			developmentRegion = en;
			hasScannedForEncodings = 0;
			knownRegions = (
				en,
				Base,
			);
			mainGroup = 3A2FA8AD28904F960014A272;
			productRefGroup = 3A2FA8B728904F960014A272 /* Products */;
			projectDirPath = "";
			projectRoot = "";
			targets = (
				3A2FA8B528904F960014A272 /* DeathNote */,
			);
		};
/* End PBXProject section */

/* Begin PBXResourcesBuildPhase section */
		3A2FA8B428904F960014A272 /* Resources */ = {
			isa = PBXResourcesBuildPhase;
			buildActionMask = 2147483647;
			files = (
				3A2FA8C628904F990014A272 /* LaunchScreen.storyboard in Resources */,
				3A2FA8C328904F990014A272 /* Assets.xcassets in Resources */,
				3A2FA8C128904F960014A272 /* Main.storyboard in Resources */,
			);
			runOnlyForDeploymentPostprocessing = 0;
		};
/* End PBXResourcesBuildPhase section */

/* Begin PBXSourcesBuildPhase section */
		3A2FA8B228904F960014A272 /* Sources */ = {
			isa = PBXSourcesBuildPhase;
			buildActionMask = 2147483647;
			files = (
				3A42FC9328913D1F0066E828 /* MainTableViewController.swift in Sources */,
				3A2FA8D3289054090014A272 /* DeathNoteModel.swift in Sources */,
				3A2FA8BA28904F960014A272 /* AppDelegate.swift in Sources */,
				3A2FA8BC28904F960014A272 /* SceneDelegate.swift in Sources */,
				3A42FC9528914AC70066E828 /* DeathNoteTableViewCell.swift in Sources */,
				3A42FC9728916D6E0066E828 /* NewNoteViewController.swift in Sources */,
			);
			runOnlyForDeploymentPostprocessing = 0;
		};
/* End PBXSourcesBuildPhase section */

/* Begin PBXVariantGroup section */
		3A2FA8BF28904F960014A272 /* Main.storyboard */ = {
			isa = PBXVariantGroup;
			children = (
				3A2FA8C028904F960014A272 /* Base */,
			);
			name = Main.storyboard;
			sourceTree = "<group>";
		};
		3A2FA8C428904F990014A272 /* LaunchScreen.storyboard */ = {
			isa = PBXVariantGroup;
			children = (
				3A2FA8C528904F990014A272 /* Base */,
			);
			name = LaunchScreen.storyboard;
			sourceTree = "<group>";
		};
/* End PBXVariantGroup section */

/* Begin XCBuildConfiguration section */
		3A2FA8C828904F990014A272 /* Debug */ = {
			isa = XCBuildConfiguration;
			buildSettings = {
				ALWAYS_SEARCH_USER_PATHS = NO;
				CLANG_ANALYZER_NONNULL = YES;
				CLANG_ANALYZER_NUMBER_OBJECT_CONVERSION = YES_AGGRESSIVE;
				CLANG_CXX_LANGUAGE_STANDARD = "gnu++17";
				CLANG_ENABLE_MODULES = YES;
				CLANG_ENABLE_OBJC_ARC = YES;
				CLANG_ENABLE_OBJC_WEAK = YES;
				CLANG_WARN_BLOCK_CAPTURE_AUTORELEASING = YES;
				CLANG_WARN_BOOL_CONVERSION = YES;
				CLANG_WARN_COMMA = YES;
				CLANG_WARN_CONSTANT_CONVERSION = YES;
				CLANG_WARN_DEPRECATED_OBJC_IMPLEMENTATIONS = YES;
				CLANG_WARN_DIRECT_OBJC_ISA_USAGE = YES_ERROR;
				CLANG_WARN_DOCUMENTATION_COMMENTS = YES;
				CLANG_WARN_EMPTY_BODY = YES;
				CLANG_WARN_ENUM_CONVERSION = YES;
				CLANG_WARN_INFINITE_RECURSION = YES;
				CLANG_WARN_INT_CONVERSION = YES;
				CLANG_WARN_NON_LITERAL_NULL_CONVERSION = YES;
				CLANG_WARN_OBJC_IMPLICIT_RETAIN_SELF = YES;
				CLANG_WARN_OBJC_LITERAL_CONVERSION = YES;
				CLANG_WARN_OBJC_ROOT_CLASS = YES_ERROR;
				CLANG_WARN_QUOTED_INCLUDE_IN_FRAMEWORK_HEADER = YES;
				CLANG_WARN_RANGE_LOOP_ANALYSIS = YES;
				CLANG_WARN_STRICT_PROTOTYPES = YES;
				CLANG_WARN_SUSPICIOUS_MOVE = YES;
				CLANG_WARN_UNGUARDED_AVAILABILITY = YES_AGGRESSIVE;
				CLANG_WARN_UNREACHABLE_CODE = YES;
				CLANG_WARN__DUPLICATE_METHOD_MATCH = YES;
				COPY_PHASE_STRIP = NO;
				DEBUG_INFORMATION_FORMAT = dwarf;
				ENABLE_STRICT_OBJC_MSGSEND = YES;
				ENABLE_TESTABILITY = YES;
				GCC_C_LANGUAGE_STANDARD = gnu11;
				GCC_DYNAMIC_NO_PIC = NO;
				GCC_NO_COMMON_BLOCKS = YES;
				GCC_OPTIMIZATION_LEVEL = 0;
				GCC_PREPROCESSOR_DEFINITIONS = (
					"DEBUG=1",
					"$(inherited)",
				);
				GCC_WARN_64_TO_32_BIT_CONVERSION = YES;
				GCC_WARN_ABOUT_RETURN_TYPE = YES_ERROR;
				GCC_WARN_UNDECLARED_SELECTOR = YES;
				GCC_WARN_UNINITIALIZED_AUTOS = YES_AGGRESSIVE;
				GCC_WARN_UNUSED_FUNCTION = YES;
				GCC_WARN_UNUSED_VARIABLE = YES;
				IPHONEOS_DEPLOYMENT_TARGET = 15.5;
				MTL_ENABLE_DEBUG_INFO = INCLUDE_SOURCE;
				MTL_FAST_MATH = YES;
				ONLY_ACTIVE_ARCH = YES;
				SDKROOT = iphoneos;
				SWIFT_ACTIVE_COMPILATION_CONDITIONS = DEBUG;
				SWIFT_OPTIMIZATION_LEVEL = "-Onone";
			};
			name = Debug;
		};
		3A2FA8C928904F990014A272 /* Release */ = {
			isa = XCBuildConfiguration;
			buildSettings = {
				ALWAYS_SEARCH_USER_PATHS = NO;
				CLANG_ANALYZER_NONNULL = YES;
				CLANG_ANALYZER_NUMBER_OBJECT_CONVERSION = YES_AGGRESSIVE;
				CLANG_CXX_LANGUAGE_STANDARD = "gnu++17";
				CLANG_ENABLE_MODULES = YES;
				CLANG_ENABLE_OBJC_ARC = YES;
				CLANG_ENABLE_OBJC_WEAK = YES;
				CLANG_WARN_BLOCK_CAPTURE_AUTORELEASING = YES;
				CLANG_WARN_BOOL_CONVERSION = YES;
				CLANG_WARN_COMMA = YES;
				CLANG_WARN_CONSTANT_CONVERSION = YES;
				CLANG_WARN_DEPRECATED_OBJC_IMPLEMENTATIONS = YES;
				CLANG_WARN_DIRECT_OBJC_ISA_USAGE = YES_ERROR;
				CLANG_WARN_DOCUMENTATION_COMMENTS = YES;
				CLANG_WARN_EMPTY_BODY = YES;
				CLANG_WARN_ENUM_CONVERSION = YES;
				CLANG_WARN_INFINITE_RECURSION = YES;
				CLANG_WARN_INT_CONVERSION = YES;
				CLANG_WARN_NON_LITERAL_NULL_CONVERSION = YES;
				CLANG_WARN_OBJC_IMPLICIT_RETAIN_SELF = YES;
				CLANG_WARN_OBJC_LITERAL_CONVERSION = YES;
				CLANG_WARN_OBJC_ROOT_CLASS = YES_ERROR;
				CLANG_WARN_QUOTED_INCLUDE_IN_FRAMEWORK_HEADER = YES;
				CLANG_WARN_RANGE_LOOP_ANALYSIS = YES;
				CLANG_WARN_STRICT_PROTOTYPES = YES;
				CLANG_WARN_SUSPICIOUS_MOVE = YES;
				CLANG_WARN_UNGUARDED_AVAILABILITY = YES_AGGRESSIVE;
				CLANG_WARN_UNREACHABLE_CODE = YES;
				CLANG_WARN__DUPLICATE_METHOD_MATCH = YES;
				COPY_PHASE_STRIP = NO;
				DEBUG_INFORMATION_FORMAT = "dwarf-with-dsym";
				ENABLE_NS_ASSERTIONS = NO;
				ENABLE_STRICT_OBJC_MSGSEND = YES;
				GCC_C_LANGUAGE_STANDARD = gnu11;
				GCC_NO_COMMON_BLOCKS = YES;
				GCC_WARN_64_TO_32_BIT_CONVERSION = YES;
				GCC_WARN_ABOUT_RETURN_TYPE = YES_ERROR;
				GCC_WARN_UNDECLARED_SELECTOR = YES;
				GCC_WARN_UNINITIALIZED_AUTOS = YES_AGGRESSIVE;
				GCC_WARN_UNUSED_FUNCTION = YES;
				GCC_WARN_UNUSED_VARIABLE = YES;
				IPHONEOS_DEPLOYMENT_TARGET = 15.5;
				MTL_ENABLE_DEBUG_INFO = NO;
				MTL_FAST_MATH = YES;
				SDKROOT = iphoneos;
				SWIFT_COMPILATION_MODE = wholemodule;
				SWIFT_OPTIMIZATION_LEVEL = "-O";
				VALIDATE_PRODUCT = YES;
			};
			name = Release;
		};
		3A2FA8CB28904F990014A272 /* Debug */ = {
			isa = XCBuildConfiguration;
			buildSettings = {
				ASSETCATALOG_COMPILER_APPICON_NAME = AppIcon;
				ASSETCATALOG_COMPILER_GLOBAL_ACCENT_COLOR_NAME = AccentColor;
				CODE_SIGN_STYLE = Automatic;
				CURRENT_PROJECT_VERSION = 1;
				DEVELOPMENT_TEAM = QX89BX85GD;
				GENERATE_INFOPLIST_FILE = YES;
				INFOPLIST_FILE = DeathNote/App/Info.plist;
				INFOPLIST_KEY_UIApplicationSupportsIndirectInputEvents = YES;
				INFOPLIST_KEY_UILaunchStoryboardName = LaunchScreen;
				INFOPLIST_KEY_UIMainStoryboardFile = Main;
				INFOPLIST_KEY_UISupportedInterfaceOrientations_iPad = "UIInterfaceOrientationPortrait UIInterfaceOrientationPortraitUpsideDown UIInterfaceOrientationLandscapeLeft UIInterfaceOrientationLandscapeRight";
				INFOPLIST_KEY_UISupportedInterfaceOrientations_iPhone = "UIInterfaceOrientationPortrait UIInterfaceOrientationLandscapeLeft UIInterfaceOrientationLandscapeRight";
				LD_RUNPATH_SEARCH_PATHS = (
					"$(inherited)",
					"@executable_path/Frameworks",
				);
				MARKETING_VERSION = 1.0;
				PRODUCT_BUNDLE_IDENTIFIER = bbetsey.DeathNote;
				PRODUCT_NAME = "$(TARGET_NAME)";
				SWIFT_EMIT_LOC_STRINGS = YES;
				SWIFT_VERSION = 5.0;
				TARGETED_DEVICE_FAMILY = 1;
			};
			name = Debug;
		};
		3A2FA8CC28904F990014A272 /* Release */ = {
			isa = XCBuildConfiguration;
			buildSettings = {
				ASSETCATALOG_COMPILER_APPICON_NAME = AppIcon;
				ASSETCATALOG_COMPILER_GLOBAL_ACCENT_COLOR_NAME = AccentColor;
				CODE_SIGN_STYLE = Automatic;
				CURRENT_PROJECT_VERSION = 1;
				DEVELOPMENT_TEAM = QX89BX85GD;
				GENERATE_INFOPLIST_FILE = YES;
				INFOPLIST_FILE = DeathNote/App/Info.plist;
				INFOPLIST_KEY_UIApplicationSupportsIndirectInputEvents = YES;
				INFOPLIST_KEY_UILaunchStoryboardName = LaunchScreen;
				INFOPLIST_KEY_UIMainStoryboardFile = Main;
				INFOPLIST_KEY_UISupportedInterfaceOrientations_iPad = "UIInterfaceOrientationPortrait UIInterfaceOrientationPortraitUpsideDown UIInterfaceOrientationLandscapeLeft UIInterfaceOrientationLandscapeRight";
				INFOPLIST_KEY_UISupportedInterfaceOrientations_iPhone = "UIInterfaceOrientationPortrait UIInterfaceOrientationLandscapeLeft UIInterfaceOrientationLandscapeRight";
				LD_RUNPATH_SEARCH_PATHS = (
					"$(inherited)",
					"@executable_path/Frameworks",
				);
				MARKETING_VERSION = 1.0;
				PRODUCT_BUNDLE_IDENTIFIER = bbetsey.DeathNote;
				PRODUCT_NAME = "$(TARGET_NAME)";
				SWIFT_EMIT_LOC_STRINGS = YES;
				SWIFT_VERSION = 5.0;
				TARGETED_DEVICE_FAMILY = 1;
			};
			name = Release;
		};
/* End XCBuildConfiguration section */

/* Begin XCConfigurationList section */
		3A2FA8B128904F960014A272 /* Build configuration list for PBXProject "DeathNote" */ = {
			isa = XCConfigurationList;
			buildConfigurations = (
				3A2FA8C828904F990014A272 /* Debug */,
				3A2FA8C928904F990014A272 /* Release */,
			);
			defaultConfigurationIsVisible = 0;
			defaultConfigurationName = Release;
		};
		3A2FA8CA28904F990014A272 /* Build configuration list for PBXNativeTarget "DeathNote" */ = {
			isa = XCConfigurationList;
			buildConfigurations = (
				3A2FA8CB28904F990014A272 /* Debug */,
				3A2FA8CC28904F990014A272 /* Release */,
			);
			defaultConfigurationIsVisible = 0;
			defaultConfigurationName = Release;
		};
/* End XCConfigurationList section */
	};
	rootObject = 3A2FA8AE28904F960014A272 /* Project object */;
}
